
Microsoft Visual Studio Solution File, Format Version 12.00
# Visual Studio Version 17
VisualStudioVersion = 17.1.32203.90
MinimumVisualStudioVersion = 10.0.40219.1
Project("{9A19103F-16F7-4668-BE54-9A1E7A4F7556}") = "quiz-api", "quiz-api\quiz-api.csproj", "{8960C938-7FDA-4527-A537-3CC236066BBB}"
EndProject
Project("{E24C65DC-7377-472B-9ABA-BC803B73C61A}") = "quiz-ui", "quiz-ui\", "{7F005509-3325-4CB8-9D0F-F346098BDDE9}"
	ProjectSection(WebsiteProperties) = preProject
		TargetFrameworkMoniker = ".NETFramework,Version%3Dv4.8"
		Debug.AspNetCompiler.VirtualPath = "/localhost_62088"
		Debug.AspNetCompiler.PhysicalPath = "quiz-ui\"
		Debug.AspNetCompiler.TargetPath = "PrecompiledWeb\localhost_62088\"
		Debug.AspNetCompiler.Updateable = "true"
		Debug.AspNetCompiler.ForceOverwrite = "true"
		Debug.AspNetCompiler.FixedNames = "false"
		Debug.AspNetCompiler.Debug = "True"
		Release.AspNetCompiler.VirtualPath = "/localhost_62088"
		Release.AspNetCompiler.PhysicalPath = "quiz-ui\"
		Release.AspNetCompiler.TargetPath = "PrecompiledWeb\localhost_62088\"
		Release.AspNetCompiler.Updateable = "true"
		Release.AspNetCompiler.ForceOverwrite = "true"
		Release.AspNetCompiler.FixedNames = "false"
		Release.AspNetCompiler.Debug = "False"
		VWDPort = "62088"
		SlnRelativePath = "quiz-ui\"
	EndProjectSection
EndProject
Global
	GlobalSection(SolutionConfigurationPlatforms) = preSolution
		Debug|Any CPU = Debug|Any CPU
		Release|Any CPU = Release|Any CPU
	EndGlobalSection
	GlobalSection(ProjectConfigurationPlatforms) = postSolution
		{8960C938-7FDA-4527-A537-3CC236066BBB}.Debug|Any CPU.ActiveCfg = Debug|Any CPU
		{8960C938-7FDA-4527-A537-3CC236066BBB}.Debug|Any CPU.Build.0 = Debug|Any CPU
		{8960C938-7FDA-4527-A537-3CC236066BBB}.Release|Any CPU.ActiveCfg = Release|Any CPU
		{8960C938-7FDA-4527-A537-3CC236066BBB}.Release|Any CPU.Build.0 = Release|Any CPU
		{7F005509-3325-4CB8-9D0F-F346098BDDE9}.Debug|Any CPU.ActiveCfg = Debug|Any CPU
		{7F005509-3325-4CB8-9D0F-F346098BDDE9}.Debug|Any CPU.Build.0 = Debug|Any CPU
		{7F005509-3325-4CB8-9D0F-F346098BDDE9}.Release|Any CPU.ActiveCfg = Debug|Any CPU
		{7F005509-3325-4CB8-9D0F-F346098BDDE9}.Release|Any CPU.Build.0 = Debug|Any CPU
	EndGlobalSection
	GlobalSection(SolutionProperties) = preSolution
		HideSolutionNode = FALSE
	EndGlobalSection
	GlobalSection(ExtensibilityGlobals) = postSolution
		SolutionGuid = {17BD6785-F1E1-4BBF-97CC-2CD60F80369E}
	EndGlobalSection
EndGlobal
